
Microsoft Visual Studio Solution File, Format Version 12.00
# Visual Studio 15
VisualStudioVersion = 15.0.28307.106
MinimumVisualStudioVersion = 10.0.40219.1
Project("{FAE04EC0-301F-11D3-BF4B-00C04F79EFBC}") = "HelloWorldOS", "HelloWorldOS\HelloWorldOS.csproj", "{22CDB15D-F704-4AB3-86E6-34B8ACB5CE57}"
EndProject
Global
	GlobalSection(SolutionConfigurationPlatforms) = preSolution
		Debug|Any CPU = Debug|Any CPU
		Release|Any CPU = Release|Any CPU
	EndGlobalSection
	GlobalSection(ProjectConfigurationPlatforms) = postSolution
		{22CDB15D-F704-4AB3-86E6-34B8ACB5CE57}.Debug|Any CPU.ActiveCfg = Debug|Any CPU
		{22CDB15D-F704-4AB3-86E6-34B8ACB5CE57}.Debug|Any CPU.Build.0 = Debug|Any CPU
		{22CDB15D-F704-4AB3-86E6-34B8ACB5CE57}.Release|Any CPU.ActiveCfg = Release|Any CPU
		{22CDB15D-F704-4AB3-86E6-34B8ACB5CE57}.Release|Any CPU.Build.0 = Release|Any CPU
	EndGlobalSection
	GlobalSection(SolutionProperties) = preSolution
		HideSolutionNode = FALSE
	EndGlobalSection
	GlobalSection(ExtensibilityGlobals) = postSolution
		SolutionGuid = {309325A9-A67F-4D99-9F8B-C316B2AB96DA}
	EndGlobalSection
EndGlobal
